// !$*UTF8*$!
{
	archiveVersion = 1;
	classes = {
	};
	objectVersion = 55;
	objects = {

/* Begin PBXBuildFile section */
		38F2F63827FAB08000CEDAB0 /* AppDelegate.swift in Sources */ = {isa = PBXBuildFile; fileRef = 38F2F63727FAB08000CEDAB0 /* AppDelegate.swift */; };
		38F2F63A27FAB08000CEDAB0 /* SceneDelegate.swift in Sources */ = {isa = PBXBuildFile; fileRef = 38F2F63927FAB08000CEDAB0 /* SceneDelegate.swift */; };
		38F2F63C27FAB08000CEDAB0 /* ViewController.swift in Sources */ = {isa = PBXBuildFile; fileRef = 38F2F63B27FAB08000CEDAB0 /* ViewController.swift */; };
		38F2F63F27FAB08000CEDAB0 /* Main.storyboard in Resources */ = {isa = PBXBuildFile; fileRef = 38F2F63D27FAB08000CEDAB0 /* Main.storyboard */; };
		38F2F64127FAB08100CEDAB0 /* Assets.xcassets in Resources */ = {isa = PBXBuildFile; fileRef = 38F2F64027FAB08100CEDAB0 /* Assets.xcassets */; };
		38F2F64427FAB08100CEDAB0 /* LaunchScreen.storyboard in Resources */ = {isa = PBXBuildFile; fileRef = 38F2F64227FAB08100CEDAB0 /* LaunchScreen.storyboard */; };
		38F2F65227FAB0B100CEDAB0 /* AppDelegate.swift in Sources */ = {isa = PBXBuildFile; fileRef = 38F2F65127FAB0B100CEDAB0 /* AppDelegate.swift */; };
		38F2F65427FAB0B100CEDAB0 /* SceneDelegate.swift in Sources */ = {isa = PBXBuildFile; fileRef = 38F2F65327FAB0B100CEDAB0 /* SceneDelegate.swift */; };
		38F2F65627FAB0B100CEDAB0 /* MainPopup.swift in Sources */ = {isa = PBXBuildFile; fileRef = 38F2F65527FAB0B100CEDAB0 /* MainPopup.swift */; };
		38F2F65927FAB0B100CEDAB0 /* Main.storyboard in Resources */ = {isa = PBXBuildFile; fileRef = 38F2F65727FAB0B100CEDAB0 /* Main.storyboard */; };
		38F2F65B27FAB0B200CEDAB0 /* Assets.xcassets in Resources */ = {isa = PBXBuildFile; fileRef = 38F2F65A27FAB0B200CEDAB0 /* Assets.xcassets */; };
		38F2F65E27FAB0B200CEDAB0 /* LaunchScreen.storyboard in Resources */ = {isa = PBXBuildFile; fileRef = 38F2F65C27FAB0B200CEDAB0 /* LaunchScreen.storyboard */; };
		38F2F66327FAB0B200CEDAB0 /* AppClip.app in Embed App Clips */ = {isa = PBXBuildFile; fileRef = 38F2F64F27FAB0B100CEDAB0 /* AppClip.app */; settings = {ATTRIBUTES = (RemoveHeadersOnCopy, ); }; };
/* End PBXBuildFile section */

/* Begin PBXContainerItemProxy section */
		38F2F66127FAB0B200CEDAB0 /* PBXContainerItemProxy */ = {
			isa = PBXContainerItemProxy;
			containerPortal = 38F2F62C27FAB08000CEDAB0 /* Project object */;
			proxyType = 1;
			remoteGlobalIDString = 38F2F64E27FAB0B100CEDAB0;
			remoteInfo = AppClip;
		};
/* End PBXContainerItemProxy section */

/* Begin PBXCopyFilesBuildPhase section */
		38F2F66727FAB0B200CEDAB0 /* Embed App Clips */ = {
			isa = PBXCopyFilesBuildPhase;
			buildActionMask = 2147483647;
			dstPath = "$(CONTENTS_FOLDER_PATH)/AppClips";
			dstSubfolderSpec = 16;
			files = (
				38F2F66327FAB0B200CEDAB0 /* AppClip.app in Embed App Clips */,
			);
			name = "Embed App Clips";
			runOnlyForDeploymentPostprocessing = 0;
		};
/* End PBXCopyFilesBuildPhase section */

/* Begin PBXFileReference section */
		38F2F63427FAB08000CEDAB0 /* AppClipExample.app */ = {isa = PBXFileReference; explicitFileType = wrapper.application; includeInIndex = 0; path = AppClipExample.app; sourceTree = BUILT_PRODUCTS_DIR; };
		38F2F63727FAB08000CEDAB0 /* AppDelegate.swift */ = {isa = PBXFileReference; lastKnownFileType = sourcecode.swift; path = AppDelegate.swift; sourceTree = "<group>"; };
		38F2F63927FAB08000CEDAB0 /* SceneDelegate.swift */ = {isa = PBXFileReference; lastKnownFileType = sourcecode.swift; path = SceneDelegate.swift; sourceTree = "<group>"; };
		38F2F63B27FAB08000CEDAB0 /* ViewController.swift */ = {isa = PBXFileReference; lastKnownFileType = sourcecode.swift; path = ViewController.swift; sourceTree = "<group>"; };
		38F2F63E27FAB08000CEDAB0 /* Base */ = {isa = PBXFileReference; lastKnownFileType = file.storyboard; name = Base; path = Base.lproj/Main.storyboard; sourceTree = "<group>"; };
		38F2F64027FAB08100CEDAB0 /* Assets.xcassets */ = {isa = PBXFileReference; lastKnownFileType = folder.assetcatalog; path = Assets.xcassets; sourceTree = "<group>"; };
		38F2F64327FAB08100CEDAB0 /* Base */ = {isa = PBXFileReference; lastKnownFileType = file.storyboard; name = Base; path = Base.lproj/LaunchScreen.storyboard; sourceTree = "<group>"; };
		38F2F64527FAB08100CEDAB0 /* Info.plist */ = {isa = PBXFileReference; lastKnownFileType = text.plist.xml; path = Info.plist; sourceTree = "<group>"; };
		38F2F64F27FAB0B100CEDAB0 /* AppClip.app */ = {isa = PBXFileReference; explicitFileType = wrapper.application; includeInIndex = 0; path = AppClip.app; sourceTree = BUILT_PRODUCTS_DIR; };
		38F2F65127FAB0B100CEDAB0 /* AppDelegate.swift */ = {isa = PBXFileReference; lastKnownFileType = sourcecode.swift; path = AppDelegate.swift; sourceTree = "<group>"; };
		38F2F65327FAB0B100CEDAB0 /* SceneDelegate.swift */ = {isa = PBXFileReference; lastKnownFileType = sourcecode.swift; path = SceneDelegate.swift; sourceTree = "<group>"; };
		38F2F65527FAB0B100CEDAB0 /* MainPopup.swift */ = {isa = PBXFileReference; lastKnownFileType = sourcecode.swift; path = MainPopup.swift; sourceTree = "<group>"; };
		38F2F65827FAB0B100CEDAB0 /* Base */ = {isa = PBXFileReference; lastKnownFileType = file.storyboard; name = Base; path = Base.lproj/Main.storyboard; sourceTree = "<group>"; };
		38F2F65A27FAB0B200CEDAB0 /* Assets.xcassets */ = {isa = PBXFileReference; lastKnownFileType = folder.assetcatalog; path = Assets.xcassets; sourceTree = "<group>"; };
		38F2F65D27FAB0B200CEDAB0 /* Base */ = {isa = PBXFileReference; lastKnownFileType = file.storyboard; name = Base; path = Base.lproj/LaunchScreen.storyboard; sourceTree = "<group>"; };
		38F2F65F27FAB0B200CEDAB0 /* Info.plist */ = {isa = PBXFileReference; lastKnownFileType = text.plist.xml; path = Info.plist; sourceTree = "<group>"; };
		38F2F66027FAB0B200CEDAB0 /* AppClip.entitlements */ = {isa = PBXFileReference; lastKnownFileType = text.plist.entitlements; path = AppClip.entitlements; sourceTree = "<group>"; };
/* End PBXFileReference section */

/* Begin PBXFrameworksBuildPhase section */
		38F2F63127FAB08000CEDAB0 /* Frameworks */ = {
			isa = PBXFrameworksBuildPhase;
			buildActionMask = 2147483647;
			files = (
			);
			runOnlyForDeploymentPostprocessing = 0;
		};
		38F2F64C27FAB0B100CEDAB0 /* Frameworks */ = {
			isa = PBXFrameworksBuildPhase;
			buildActionMask = 2147483647;
			files = (
			);
			runOnlyForDeploymentPostprocessing = 0;
		};
/* End PBXFrameworksBuildPhase section */

/* Begin PBXGroup section */
		3872721F27FAEC76006DE42E /* Extension */ = {
			isa = PBXGroup;
			children = (
			);
			path = Extension;
			sourceTree = "<group>";
		};
		3872722027FAECCA006DE42E /* Protocol */ = {
			isa = PBXGroup;
			children = (
			);
			path = Protocol;
			sourceTree = "<group>";
		};
		38F2F62B27FAB08000CEDAB0 = {
			isa = PBXGroup;
			children = (
				38F2F66C27FAB1EF00CEDAB0 /* Common */,
				38F2F63627FAB08000CEDAB0 /* App */,
				38F2F65027FAB0B100CEDAB0 /* AppClip */,
				38F2F63527FAB08000CEDAB0 /* Products */,
			);
			sourceTree = "<group>";
		};
		38F2F63527FAB08000CEDAB0 /* Products */ = {
			isa = PBXGroup;
			children = (
				38F2F63427FAB08000CEDAB0 /* AppClipExample.app */,
				38F2F64F27FAB0B100CEDAB0 /* AppClip.app */,
			);
			name = Products;
			sourceTree = "<group>";
		};
		38F2F63627FAB08000CEDAB0 /* App */ = {
			isa = PBXGroup;
			children = (
				38F2F66827FAB1AE00CEDAB0 /* AppDelegate */,
				38F2F66927FAB1B700CEDAB0 /* Supporting files */,
				38F2F66A27FAB1C100CEDAB0 /* Resource */,
				38F2F66B27FAB1D200CEDAB0 /* Scene */,
			);
			path = App;
			sourceTree = "<group>";
		};
		38F2F65027FAB0B100CEDAB0 /* AppClip */ = {
			isa = PBXGroup;
			children = (
				38F2F66D27FAB1F700CEDAB0 /* AppDelegate */,
				38F2F66E27FAB1FD00CEDAB0 /* Supporting files */,
				38F2F66F27FAB22700CEDAB0 /* Resources */,
				38F2F65527FAB0B100CEDAB0 /* MainPopup.swift */,
			);
			path = AppClip;
			sourceTree = "<group>";
		};
		38F2F66827FAB1AE00CEDAB0 /* AppDelegate */ = {
			isa = PBXGroup;
			children = (
				38F2F63927FAB08000CEDAB0 /* SceneDelegate.swift */,
				38F2F63727FAB08000CEDAB0 /* AppDelegate.swift */,
			);
			path = AppDelegate;
			sourceTree = "<group>";
		};
		38F2F66927FAB1B700CEDAB0 /* Supporting files */ = {
			isa = PBXGroup;
			children = (
				38F2F64527FAB08100CEDAB0 /* Info.plist */,
			);
			path = "Supporting files";
			sourceTree = "<group>";
		};
		38F2F66A27FAB1C100CEDAB0 /* Resource */ = {
			isa = PBXGroup;
			children = (
				38F2F63D27FAB08000CEDAB0 /* Main.storyboard */,
				38F2F64027FAB08100CEDAB0 /* Assets.xcassets */,
				38F2F64227FAB08100CEDAB0 /* LaunchScreen.storyboard */,
			);
			path = Resource;
			sourceTree = "<group>";
		};
		38F2F66B27FAB1D200CEDAB0 /* Scene */ = {
			isa = PBXGroup;
			children = (
				38F2F63B27FAB08000CEDAB0 /* ViewController.swift */,
			);
			path = Scene;
			sourceTree = "<group>";
		};
		38F2F66C27FAB1EF00CEDAB0 /* Common */ = {
			isa = PBXGroup;
			children = (
				3872722027FAECCA006DE42E /* Protocol */,
				3872721F27FAEC76006DE42E /* Extension */,
			);
			path = Common;
			sourceTree = "<group>";
		};
		38F2F66D27FAB1F700CEDAB0 /* AppDelegate */ = {
			isa = PBXGroup;
			children = (
				38F2F65127FAB0B100CEDAB0 /* AppDelegate.swift */,
				38F2F65327FAB0B100CEDAB0 /* SceneDelegate.swift */,
			);
			path = AppDelegate;
			sourceTree = "<group>";
		};
		38F2F66E27FAB1FD00CEDAB0 /* Supporting files */ = {
			isa = PBXGroup;
			children = (
				38F2F65F27FAB0B200CEDAB0 /* Info.plist */,
				38F2F66027FAB0B200CEDAB0 /* AppClip.entitlements */,
			);
			path = "Supporting files";
			sourceTree = "<group>";
		};
		38F2F66F27FAB22700CEDAB0 /* Resources */ = {
			isa = PBXGroup;
			children = (
				38F2F65727FAB0B100CEDAB0 /* Main.storyboard */,
				38F2F65A27FAB0B200CEDAB0 /* Assets.xcassets */,
				38F2F65C27FAB0B200CEDAB0 /* LaunchScreen.storyboard */,
			);
			path = Resources;
			sourceTree = "<group>";
		};
/* End PBXGroup section */

/* Begin PBXNativeTarget section */
		38F2F63327FAB08000CEDAB0 /* AppClipExample */ = {
			isa = PBXNativeTarget;
			buildConfigurationList = 38F2F64827FAB08100CEDAB0 /* Build configuration list for PBXNativeTarget "AppClipExample" */;
			buildPhases = (
				38F2F63027FAB08000CEDAB0 /* Sources */,
				38F2F63127FAB08000CEDAB0 /* Frameworks */,
				38F2F63227FAB08000CEDAB0 /* Resources */,
				38F2F66727FAB0B200CEDAB0 /* Embed App Clips */,
			);
			buildRules = (
			);
			dependencies = (
				38F2F66227FAB0B200CEDAB0 /* PBXTargetDependency */,
			);
			name = AppClipExample;
			productName = AppClipExample;
			productReference = 38F2F63427FAB08000CEDAB0 /* AppClipExample.app */;
			productType = "com.apple.product-type.application";
		};
		38F2F64E27FAB0B100CEDAB0 /* AppClip */ = {
			isa = PBXNativeTarget;
			buildConfigurationList = 38F2F66427FAB0B200CEDAB0 /* Build configuration list for PBXNativeTarget "AppClip" */;
			buildPhases = (
				38F2F64B27FAB0B100CEDAB0 /* Sources */,
				38F2F64C27FAB0B100CEDAB0 /* Frameworks */,
				38F2F64D27FAB0B100CEDAB0 /* Resources */,
			);
			buildRules = (
			);
			dependencies = (
			);
			name = AppClip;
			productName = AppClip;
			productReference = 38F2F64F27FAB0B100CEDAB0 /* AppClip.app */;
			productType = "com.apple.product-type.application.on-demand-install-capable";
		};
/* End PBXNativeTarget section */

/* Begin PBXProject section */
		38F2F62C27FAB08000CEDAB0 /* Project object */ = {
			isa = PBXProject;
			attributes = {
				BuildIndependentTargetsInParallel = 1;
				LastSwiftUpdateCheck = 1330;
				LastUpgradeCheck = 1330;
				TargetAttributes = {
					38F2F63327FAB08000CEDAB0 = {
						CreatedOnToolsVersion = 13.3;
					};
					38F2F64E27FAB0B100CEDAB0 = {
						CreatedOnToolsVersion = 13.3;
					};
				};
			};
			buildConfigurationList = 38F2F62F27FAB08000CEDAB0 /* Build configuration list for PBXProject "AppClipExample" */;
			compatibilityVersion = "Xcode 13.0";
			developmentRegion = en;
			hasScannedForEncodings = 0;
			knownRegions = (
				en,
				Base,
			);
			mainGroup = 38F2F62B27FAB08000CEDAB0;
			productRefGroup = 38F2F63527FAB08000CEDAB0 /* Products */;
			projectDirPath = "";
			projectRoot = "";
			targets = (
				38F2F63327FAB08000CEDAB0 /* AppClipExample */,
				38F2F64E27FAB0B100CEDAB0 /* AppClip */,
			);
		};
/* End PBXProject section */

/* Begin PBXResourcesBuildPhase section */
		38F2F63227FAB08000CEDAB0 /* Resources */ = {
			isa = PBXResourcesBuildPhase;
			buildActionMask = 2147483647;
			files = (
				38F2F64427FAB08100CEDAB0 /* LaunchScreen.storyboard in Resources */,
				38F2F64127FAB08100CEDAB0 /* Assets.xcassets in Resources */,
				38F2F63F27FAB08000CEDAB0 /* Main.storyboard in Resources */,
			);
			runOnlyForDeploymentPostprocessing = 0;
		};
		38F2F64D27FAB0B100CEDAB0 /* Resources */ = {
			isa = PBXResourcesBuildPhase;
			buildActionMask = 2147483647;
			files = (
				38F2F65E27FAB0B200CEDAB0 /* LaunchScreen.storyboard in Resources */,
				38F2F65B27FAB0B200CEDAB0 /* Assets.xcassets in Resources */,
				38F2F65927FAB0B100CEDAB0 /* Main.storyboard in Resources */,
			);
			runOnlyForDeploymentPostprocessing = 0;
		};
/* End PBXResourcesBuildPhase section */

/* Begin PBXSourcesBuildPhase section */
		38F2F63027FAB08000CEDAB0 /* Sources */ = {
			isa = PBXSourcesBuildPhase;
			buildActionMask = 2147483647;
			files = (
				38F2F63C27FAB08000CEDAB0 /* ViewController.swift in Sources */,
				38F2F63827FAB08000CEDAB0 /* AppDelegate.swift in Sources */,
				38F2F63A27FAB08000CEDAB0 /* SceneDelegate.swift in Sources */,
			);
			runOnlyForDeploymentPostprocessing = 0;
		};
		38F2F64B27FAB0B100CEDAB0 /* Sources */ = {
			isa = PBXSourcesBuildPhase;
			buildActionMask = 2147483647;
			files = (
				38F2F65627FAB0B100CEDAB0 /* MainPopup.swift in Sources */,
				38F2F65227FAB0B100CEDAB0 /* AppDelegate.swift in Sources */,
				38F2F65427FAB0B100CEDAB0 /* SceneDelegate.swift in Sources */,
			);
			runOnlyForDeploymentPostprocessing = 0;
		};
/* End PBXSourcesBuildPhase section */

/* Begin PBXTargetDependency section */
		38F2F66227FAB0B200CEDAB0 /* PBXTargetDependency */ = {
			isa = PBXTargetDependency;
			target = 38F2F64E27FAB0B100CEDAB0 /* AppClip */;
			targetProxy = 38F2F66127FAB0B200CEDAB0 /* PBXContainerItemProxy */;
		};
/* End PBXTargetDependency section */

/* Begin PBXVariantGroup section */
		38F2F63D27FAB08000CEDAB0 /* Main.storyboard */ = {
			isa = PBXVariantGroup;
			children = (
				38F2F63E27FAB08000CEDAB0 /* Base */,
			);
			name = Main.storyboard;
			sourceTree = "<group>";
		};
		38F2F64227FAB08100CEDAB0 /* LaunchScreen.storyboard */ = {
			isa = PBXVariantGroup;
			children = (
				38F2F64327FAB08100CEDAB0 /* Base */,
			);
			name = LaunchScreen.storyboard;
			sourceTree = "<group>";
		};
		38F2F65727FAB0B100CEDAB0 /* Main.storyboard */ = {
			isa = PBXVariantGroup;
			children = (
				38F2F65827FAB0B100CEDAB0 /* Base */,
			);
			name = Main.storyboard;
			sourceTree = "<group>";
		};
		38F2F65C27FAB0B200CEDAB0 /* LaunchScreen.storyboard */ = {
			isa = PBXVariantGroup;
			children = (
				38F2F65D27FAB0B200CEDAB0 /* Base */,
			);
			name = LaunchScreen.storyboard;
			sourceTree = "<group>";
		};
/* End PBXVariantGroup section */

/* Begin XCBuildConfiguration section */
		38F2F64627FAB08100CEDAB0 /* Debug */ = {
			isa = XCBuildConfiguration;
			buildSettings = {
				ALWAYS_SEARCH_USER_PATHS = NO;
				CLANG_ANALYZER_NONNULL = YES;
				CLANG_ANALYZER_NUMBER_OBJECT_CONVERSION = YES_AGGRESSIVE;
				CLANG_CXX_LANGUAGE_STANDARD = "gnu++17";
				CLANG_ENABLE_MODULES = YES;
				CLANG_ENABLE_OBJC_ARC = YES;
				CLANG_ENABLE_OBJC_WEAK = YES;
				CLANG_WARN_BLOCK_CAPTURE_AUTORELEASING = YES;
				CLANG_WARN_BOOL_CONVERSION = YES;
				CLANG_WARN_COMMA = YES;
				CLANG_WARN_CONSTANT_CONVERSION = YES;
				CLANG_WARN_DEPRECATED_OBJC_IMPLEMENTATIONS = YES;
				CLANG_WARN_DIRECT_OBJC_ISA_USAGE = YES_ERROR;
				CLANG_WARN_DOCUMENTATION_COMMENTS = YES;
				CLANG_WARN_EMPTY_BODY = YES;
				CLANG_WARN_ENUM_CONVERSION = YES;
				CLANG_WARN_INFINITE_RECURSION = YES;
				CLANG_WARN_INT_CONVERSION = YES;
				CLANG_WARN_NON_LITERAL_NULL_CONVERSION = YES;
				CLANG_WARN_OBJC_IMPLICIT_RETAIN_SELF = YES;
				CLANG_WARN_OBJC_LITERAL_CONVERSION = YES;
				CLANG_WARN_OBJC_ROOT_CLASS = YES_ERROR;
				CLANG_WARN_QUOTED_INCLUDE_IN_FRAMEWORK_HEADER = YES;
				CLANG_WARN_RANGE_LOOP_ANALYSIS = YES;
				CLANG_WARN_STRICT_PROTOTYPES = YES;
				CLANG_WARN_SUSPICIOUS_MOVE = YES;
				CLANG_WARN_UNGUARDED_AVAILABILITY = YES_AGGRESSIVE;
				CLANG_WARN_UNREACHABLE_CODE = YES;
				CLANG_WARN__DUPLICATE_METHOD_MATCH = YES;
				COPY_PHASE_STRIP = NO;
				DEBUG_INFORMATION_FORMAT = dwarf;
				ENABLE_STRICT_OBJC_MSGSEND = YES;
				ENABLE_TESTABILITY = YES;
				GCC_C_LANGUAGE_STANDARD = gnu11;
				GCC_DYNAMIC_NO_PIC = NO;
				GCC_NO_COMMON_BLOCKS = YES;
				GCC_OPTIMIZATION_LEVEL = 0;
				GCC_PREPROCESSOR_DEFINITIONS = (
					"DEBUG=1",
					"$(inherited)",
				);
				GCC_WARN_64_TO_32_BIT_CONVERSION = YES;
				GCC_WARN_ABOUT_RETURN_TYPE = YES_ERROR;
				GCC_WARN_UNDECLARED_SELECTOR = YES;
				GCC_WARN_UNINITIALIZED_AUTOS = YES_AGGRESSIVE;
				GCC_WARN_UNUSED_FUNCTION = YES;
				GCC_WARN_UNUSED_VARIABLE = YES;
				IPHONEOS_DEPLOYMENT_TARGET = 15.4;
				MTL_ENABLE_DEBUG_INFO = INCLUDE_SOURCE;
				MTL_FAST_MATH = YES;
				ONLY_ACTIVE_ARCH = YES;
				SDKROOT = iphoneos;
				SWIFT_ACTIVE_COMPILATION_CONDITIONS = DEBUG;
				SWIFT_OPTIMIZATION_LEVEL = "-Onone";
			};
			name = Debug;
		};
		38F2F64727FAB08100CEDAB0 /* Release */ = {
			isa = XCBuildConfiguration;
			buildSettings = {
				ALWAYS_SEARCH_USER_PATHS = NO;
				CLANG_ANALYZER_NONNULL = YES;
				CLANG_ANALYZER_NUMBER_OBJECT_CONVERSION = YES_AGGRESSIVE;
				CLANG_CXX_LANGUAGE_STANDARD = "gnu++17";
				CLANG_ENABLE_MODULES = YES;
				CLANG_ENABLE_OBJC_ARC = YES;
				CLANG_ENABLE_OBJC_WEAK = YES;
				CLANG_WARN_BLOCK_CAPTURE_AUTORELEASING = YES;
				CLANG_WARN_BOOL_CONVERSION = YES;
				CLANG_WARN_COMMA = YES;
				CLANG_WARN_CONSTANT_CONVERSION = YES;
				CLANG_WARN_DEPRECATED_OBJC_IMPLEMENTATIONS = YES;
				CLANG_WARN_DIRECT_OBJC_ISA_USAGE = YES_ERROR;
				CLANG_WARN_DOCUMENTATION_COMMENTS = YES;
				CLANG_WARN_EMPTY_BODY = YES;
				CLANG_WARN_ENUM_CONVERSION = YES;
				CLANG_WARN_INFINITE_RECURSION = YES;
				CLANG_WARN_INT_CONVERSION = YES;
				CLANG_WARN_NON_LITERAL_NULL_CONVERSION = YES;
				CLANG_WARN_OBJC_IMPLICIT_RETAIN_SELF = YES;
				CLANG_WARN_OBJC_LITERAL_CONVERSION = YES;
				CLANG_WARN_OBJC_ROOT_CLASS = YES_ERROR;
				CLANG_WARN_QUOTED_INCLUDE_IN_FRAMEWORK_HEADER = YES;
				CLANG_WARN_RANGE_LOOP_ANALYSIS = YES;
				CLANG_WARN_STRICT_PROTOTYPES = YES;
				CLANG_WARN_SUSPICIOUS_MOVE = YES;
				CLANG_WARN_UNGUARDED_AVAILABILITY = YES_AGGRESSIVE;
				CLANG_WARN_UNREACHABLE_CODE = YES;
				CLANG_WARN__DUPLICATE_METHOD_MATCH = YES;
				COPY_PHASE_STRIP = NO;
				DEBUG_INFORMATION_FORMAT = "dwarf-with-dsym";
				ENABLE_NS_ASSERTIONS = NO;
				ENABLE_STRICT_OBJC_MSGSEND = YES;
				GCC_C_LANGUAGE_STANDARD = gnu11;
				GCC_NO_COMMON_BLOCKS = YES;
				GCC_WARN_64_TO_32_BIT_CONVERSION = YES;
				GCC_WARN_ABOUT_RETURN_TYPE = YES_ERROR;
				GCC_WARN_UNDECLARED_SELECTOR = YES;
				GCC_WARN_UNINITIALIZED_AUTOS = YES_AGGRESSIVE;
				GCC_WARN_UNUSED_FUNCTION = YES;
				GCC_WARN_UNUSED_VARIABLE = YES;
				IPHONEOS_DEPLOYMENT_TARGET = 15.4;
				MTL_ENABLE_DEBUG_INFO = NO;
				MTL_FAST_MATH = YES;
				SDKROOT = iphoneos;
				SWIFT_COMPILATION_MODE = wholemodule;
				SWIFT_OPTIMIZATION_LEVEL = "-O";
				VALIDATE_PRODUCT = YES;
			};
			name = Release;
		};
		38F2F64927FAB08100CEDAB0 /* Debug */ = {
			isa = XCBuildConfiguration;
			buildSettings = {
				ALWAYS_EMBED_SWIFT_STANDARD_LIBRARIES = YES;
				ASSETCATALOG_COMPILER_APPICON_NAME = AppIcon;
				ASSETCATALOG_COMPILER_GLOBAL_ACCENT_COLOR_NAME = AccentColor;
				CODE_SIGN_STYLE = Automatic;
				CURRENT_PROJECT_VERSION = 1;
				DEVELOPMENT_TEAM = NE476725Q4;
				GENERATE_INFOPLIST_FILE = YES;
				INFOPLIST_FILE = "AppClipExample/Supporting files/Info.plist";
				INFOPLIST_KEY_UIApplicationSupportsIndirectInputEvents = YES;
				INFOPLIST_KEY_UILaunchStoryboardName = LaunchScreen;
				INFOPLIST_KEY_UISupportedInterfaceOrientations_iPad = "UIInterfaceOrientationPortrait UIInterfaceOrientationPortraitUpsideDown UIInterfaceOrientationLandscapeLeft UIInterfaceOrientationLandscapeRight";
				INFOPLIST_KEY_UISupportedInterfaceOrientations_iPhone = "UIInterfaceOrientationPortrait UIInterfaceOrientationLandscapeLeft UIInterfaceOrientationLandscapeRight";
				LD_RUNPATH_SEARCH_PATHS = (
					"$(inherited)",
					"@executable_path/Frameworks",
				);
				MARKETING_VERSION = 1.0;
				PRODUCT_BUNDLE_IDENTIFIER = com.flexday.sendbox.app;
				PRODUCT_NAME = "$(TARGET_NAME)";
				SWIFT_EMIT_LOC_STRINGS = YES;
				SWIFT_VERSION = 5.0;
				TARGETED_DEVICE_FAMILY = "1,2";
			};
			name = Debug;
		};
		38F2F64A27FAB08100CEDAB0 /* Release */ = {
			isa = XCBuildConfiguration;
			buildSettings = {
				ALWAYS_EMBED_SWIFT_STANDARD_LIBRARIES = YES;
				ASSETCATALOG_COMPILER_APPICON_NAME = AppIcon;
				ASSETCATALOG_COMPILER_GLOBAL_ACCENT_COLOR_NAME = AccentColor;
				CODE_SIGN_STYLE = Automatic;
				CURRENT_PROJECT_VERSION = 1;
				DEVELOPMENT_TEAM = NE476725Q4;
				GENERATE_INFOPLIST_FILE = YES;
				INFOPLIST_FILE = "AppClipExample/Supporting files/Info.plist";
				INFOPLIST_KEY_UIApplicationSupportsIndirectInputEvents = YES;
				INFOPLIST_KEY_UILaunchStoryboardName = LaunchScreen;
				INFOPLIST_KEY_UISupportedInterfaceOrientations_iPad = "UIInterfaceOrientationPortrait UIInterfaceOrientationPortraitUpsideDown UIInterfaceOrientationLandscapeLeft UIInterfaceOrientationLandscapeRight";
				INFOPLIST_KEY_UISupportedInterfaceOrientations_iPhone = "UIInterfaceOrientationPortrait UIInterfaceOrientationLandscapeLeft UIInterfaceOrientationLandscapeRight";
				LD_RUNPATH_SEARCH_PATHS = (
					"$(inherited)",
					"@executable_path/Frameworks",
				);
				MARKETING_VERSION = 1.0;
				PRODUCT_BUNDLE_IDENTIFIER = com.flexday.sendbox.app;
				PRODUCT_NAME = "$(TARGET_NAME)";
				SWIFT_EMIT_LOC_STRINGS = YES;
				SWIFT_VERSION = 5.0;
				TARGETED_DEVICE_FAMILY = "1,2";
			};
			name = Release;
		};
		38F2F66527FAB0B200CEDAB0 /* Debug */ = {
			isa = XCBuildConfiguration;
			buildSettings = {
				ASSETCATALOG_COMPILER_APPICON_NAME = AppIcon;
				ASSETCATALOG_COMPILER_GLOBAL_ACCENT_COLOR_NAME = AccentColor;
				CODE_SIGN_ENTITLEMENTS = "AppClip/Supporting files/AppClip.entitlements";
				CODE_SIGN_STYLE = Automatic;
				CURRENT_PROJECT_VERSION = 1;
				DEVELOPMENT_TEAM = NE476725Q4;
				GENERATE_INFOPLIST_FILE = YES;
				INFOPLIST_FILE = "AppClip/Supporting files/Info.plist";
				INFOPLIST_KEY_CFBundleDisplayName = AppClipExample;
				INFOPLIST_KEY_UIApplicationSupportsIndirectInputEvents = YES;
				INFOPLIST_KEY_UILaunchStoryboardName = LaunchScreen;
				INFOPLIST_KEY_UIMainStoryboardFile = Main;
				INFOPLIST_KEY_UISupportedInterfaceOrientations_iPad = "UIInterfaceOrientationPortrait UIInterfaceOrientationPortraitUpsideDown UIInterfaceOrientationLandscapeLeft UIInterfaceOrientationLandscapeRight";
				INFOPLIST_KEY_UISupportedInterfaceOrientations_iPhone = "UIInterfaceOrientationPortrait UIInterfaceOrientationLandscapeLeft UIInterfaceOrientationLandscapeRight";
				LD_RUNPATH_SEARCH_PATHS = (
					"$(inherited)",
					"@executable_path/Frameworks",
				);
				MARKETING_VERSION = 1.0;
				PRODUCT_BUNDLE_IDENTIFIER = com.flexday.sendbox.app.clip;
				PRODUCT_NAME = "$(TARGET_NAME)";
				SWIFT_EMIT_LOC_STRINGS = YES;
				SWIFT_VERSION = 5.0;
				TARGETED_DEVICE_FAMILY = "1,2";
			};
			name = Debug;
		};
		38F2F66627FAB0B200CEDAB0 /* Release */ = {
			isa = XCBuildConfiguration;
			buildSettings = {
				ASSETCATALOG_COMPILER_APPICON_NAME = AppIcon;
				ASSETCATALOG_COMPILER_GLOBAL_ACCENT_COLOR_NAME = AccentColor;
				CODE_SIGN_ENTITLEMENTS = "AppClip/Supporting files/AppClip.entitlements";
				CODE_SIGN_STYLE = Automatic;
				CURRENT_PROJECT_VERSION = 1;
				DEVELOPMENT_TEAM = NE476725Q4;
				GENERATE_INFOPLIST_FILE = YES;
				INFOPLIST_FILE = "AppClip/Supporting files/Info.plist";
				INFOPLIST_KEY_CFBundleDisplayName = AppClipExample;
				INFOPLIST_KEY_UIApplicationSupportsIndirectInputEvents = YES;
				INFOPLIST_KEY_UILaunchStoryboardName = LaunchScreen;
				INFOPLIST_KEY_UIMainStoryboardFile = Main;
				INFOPLIST_KEY_UISupportedInterfaceOrientations_iPad = "UIInterfaceOrientationPortrait UIInterfaceOrientationPortraitUpsideDown UIInterfaceOrientationLandscapeLeft UIInterfaceOrientationLandscapeRight";
				INFOPLIST_KEY_UISupportedInterfaceOrientations_iPhone = "UIInterfaceOrientationPortrait UIInterfaceOrientationLandscapeLeft UIInterfaceOrientationLandscapeRight";
				LD_RUNPATH_SEARCH_PATHS = (
					"$(inherited)",
					"@executable_path/Frameworks",
				);
				MARKETING_VERSION = 1.0;
				PRODUCT_BUNDLE_IDENTIFIER = com.flexday.sendbox.app.clip;
				PRODUCT_NAME = "$(TARGET_NAME)";
				SWIFT_EMIT_LOC_STRINGS = YES;
				SWIFT_VERSION = 5.0;
				TARGETED_DEVICE_FAMILY = "1,2";
			};
			name = Release;
		};
/* End XCBuildConfiguration section */

/* Begin XCConfigurationList section */
		38F2F62F27FAB08000CEDAB0 /* Build configuration list for PBXProject "AppClipExample" */ = {
			isa = XCConfigurationList;
			buildConfigurations = (
				38F2F64627FAB08100CEDAB0 /* Debug */,
				38F2F64727FAB08100CEDAB0 /* Release */,
			);
			defaultConfigurationIsVisible = 0;
			defaultConfigurationName = Release;
		};
		38F2F64827FAB08100CEDAB0 /* Build configuration list for PBXNativeTarget "AppClipExample" */ = {
			isa = XCConfigurationList;
			buildConfigurations = (
				38F2F64927FAB08100CEDAB0 /* Debug */,
				38F2F64A27FAB08100CEDAB0 /* Release */,
			);
			defaultConfigurationIsVisible = 0;
			defaultConfigurationName = Release;
		};
		38F2F66427FAB0B200CEDAB0 /* Build configuration list for PBXNativeTarget "AppClip" */ = {
			isa = XCConfigurationList;
			buildConfigurations = (
				38F2F66527FAB0B200CEDAB0 /* Debug */,
				38F2F66627FAB0B200CEDAB0 /* Release */,
			);
			defaultConfigurationIsVisible = 0;
			defaultConfigurationName = Release;
		};
/* End XCConfigurationList section */
	};
	rootObject = 38F2F62C27FAB08000CEDAB0 /* Project object */;
}
